
Microsoft Visual Studio Solution File, Format Version 12.00
# Visual Studio 15
VisualStudioVersion = 15.0.27130.2027
MinimumVisualStudioVersion = 10.0.40219.1
Project("{FAE04EC0-301F-11D3-BF4B-00C04F79EFBC}") = "Simplexity", "Simplexity\Simplexity.csproj", "{E32FF9C1-0814-47B1-BA75-4959ED655F73}"
EndProject
Project("{2150E333-8FDC-42A3-9474-1A3956D46DE8}") = "Solution Items", "Solution Items", "{44852970-A37E-4507-ABD6-F57BE05A1E1A}"
	ProjectSection(SolutionItems) = preProject
		Simplexity\Blocks.cs = Simplexity\Blocks.cs
		Simplexity\Board.cs = Simplexity\Board.cs
		Simplexity\Player.cs = Simplexity\Player.cs
		Simplexity\Position.cs = Simplexity\Position.cs
		Simplexity\Program.cs = Simplexity\Program.cs
		Simplexity\Renderer.cs = Simplexity\Renderer.cs
		Simplexity\State.cs = Simplexity\State.cs
		Simplexity\WinCheck.cs = Simplexity\WinCheck.cs
	EndProjectSection
EndProject
Global
	GlobalSection(SolutionConfigurationPlatforms) = preSolution
		Debug|Any CPU = Debug|Any CPU
		Release|Any CPU = Release|Any CPU
	EndGlobalSection
	GlobalSection(ProjectConfigurationPlatforms) = postSolution
		{E32FF9C1-0814-47B1-BA75-4959ED655F73}.Debug|Any CPU.ActiveCfg = Debug|Any CPU
		{E32FF9C1-0814-47B1-BA75-4959ED655F73}.Debug|Any CPU.Build.0 = Debug|Any CPU
		{E32FF9C1-0814-47B1-BA75-4959ED655F73}.Release|Any CPU.ActiveCfg = Release|Any CPU
		{E32FF9C1-0814-47B1-BA75-4959ED655F73}.Release|Any CPU.Build.0 = Release|Any CPU
	EndGlobalSection
	GlobalSection(SolutionProperties) = preSolution
		HideSolutionNode = FALSE
	EndGlobalSection
	GlobalSection(ExtensibilityGlobals) = postSolution
		SolutionGuid = {44A7EEFC-E729-47F9-BFA0-B70BCDB48554}
	EndGlobalSection
EndGlobal
